
Microsoft Visual Studio Solution File, Format Version 12.00
# Visual Studio Version 17
VisualStudioVersion = 17.0.31903.59
MinimumVisualStudioVersion = 10.0.40219.1
Project("{2150E333-8FDC-42A3-9474-1A3956D46DE8}") = "src", "src", "{827E0CD3-B72D-47B6-A68D-7590B98EB39B}"
EndProject
Project("{2150E333-8FDC-42A3-9474-1A3956D46DE8}") = "Shared", "Shared", "{C8E42992-5E42-0C2B-DBFE-AA848D06431C}"
EndProject
Project("{FAE04EC0-301F-11D3-BF4B-00C04F79EFBC}") = "MatForum.Shared.Contracts", "src\Shared\MatForum.Shared.Contracts\MatForum.Shared.Contracts.csproj", "{E82745A7-39B3-4F3F-BC4A-7C978F5A62C4}"
EndProject
Project("{FAE04EC0-301F-11D3-BF4B-00C04F79EFBC}") = "MatForum.Shared.Domain", "src\Shared\MatForum.Shared.Domain\MatForum.Shared.Domain.csproj", "{101FBEEE-0BA7-43C4-B424-AE892CDF61C5}"
EndProject
Project("{FAE04EC0-301F-11D3-BF4B-00C04F79EFBC}") = "MatForum.Shared.Infrastructure", "src\Shared\MatForum.Shared.Infrastructure\MatForum.Shared.Infrastructure.csproj", "{FFA659DA-1EF3-4110-AA48-6082ADDBDA67}"
EndProject
Project("{2150E333-8FDC-42A3-9474-1A3956D46DE8}") = "ApiGateway", "ApiGateway", "{FCA01246-F2C6-0AA7-D43F-FD13BE0B9D88}"
EndProject
Project("{FAE04EC0-301F-11D3-BF4B-00C04F79EFBC}") = "MatForum.ApiGateway", "src\ApiGateway\MatForum.ApiGateway\MatForum.ApiGateway.csproj", "{7FA2196F-554E-4ADD-85D6-8E742A5EF848}"
EndProject
Project("{2150E333-8FDC-42A3-9474-1A3956D46DE8}") = "Services", "Services", "{984BB9B3-3FA3-BE33-9484-CAC21695A33C}"
EndProject
Project("{2150E333-8FDC-42A3-9474-1A3956D46DE8}") = "UserManagement", "UserManagement", "{B7D5EAAE-0816-8D88-99F1-C7C4E7720A4E}"
EndProject
Project("{FAE04EC0-301F-11D3-BF4B-00C04F79EFBC}") = "MatForum.UserManagement.API", "src\Services\UserManagement\MatForum.UserManagement.API\MatForum.UserManagement.API.csproj", "{BC19B726-05E5-485D-8850-9418539729B8}"
EndProject
Project("{FAE04EC0-301F-11D3-BF4B-00C04F79EFBC}") = "MatForum.UserManagement.Application", "src\Services\UserManagement\MatForum.UserManagement.Application\MatForum.UserManagement.Application.csproj", "{70EBB7A7-AA4C-47E9-8525-E3F1B9E57E95}"
EndProject
Project("{FAE04EC0-301F-11D3-BF4B-00C04F79EFBC}") = "MatForum.UserManagement.Domain", "src\Services\UserManagement\MatForum.UserManagement.Domain\MatForum.UserManagement.Domain.csproj", "{88535F40-2C59-4E44-9FF8-B4D14186E145}"
EndProject
Project("{FAE04EC0-301F-11D3-BF4B-00C04F79EFBC}") = "MatForum.UserManagement.Infrastructure", "src\Services\UserManagement\MatForum.UserManagement.Infrastructure\MatForum.UserManagement.Infrastructure.csproj", "{AC468D76-2E7C-45E7-AA74-5D6F7C2D5AD7}"
EndProject
Project("{2150E333-8FDC-42A3-9474-1A3956D46DE8}") = "ForumQuestion", "ForumQuestion", "{29473F2F-B452-AFBE-74D0-896AEF8C8A48}"
EndProject
Project("{FAE04EC0-301F-11D3-BF4B-00C04F79EFBC}") = "MatForum.ForumQuestion.API", "src\Services\ForumQuestion\MatForum.ForumQuestion.API\MatForum.ForumQuestion.API.csproj", "{82F2E0A9-9F51-48F9-A8AE-66C3C8BFFB19}"
EndProject
Project("{FAE04EC0-301F-11D3-BF4B-00C04F79EFBC}") = "MatForum.ForumQuestion.Application", "src\Services\ForumQuestion\MatForum.ForumQuestion.Application\MatForum.ForumQuestion.Application.csproj", "{DE54F8AB-3A64-49B6-A0AA-9050A86ED5D1}"
EndProject
Project("{FAE04EC0-301F-11D3-BF4B-00C04F79EFBC}") = "MatForum.ForumQuestion.Domain", "src\Services\ForumQuestion\MatForum.ForumQuestion.Domain\MatForum.ForumQuestion.Domain.csproj", "{7D298638-1CA8-4EBD-AD40-B150018BF232}"
EndProject
Project("{FAE04EC0-301F-11D3-BF4B-00C04F79EFBC}") = "MatForum.ForumQuestion.Infrastructure", "src\Services\ForumQuestion\MatForum.ForumQuestion.Infrastructure\MatForum.ForumQuestion.Infrastructure.csproj", "{287EC5A5-4352-45CB-8C02-1E8BFF483D0C}"
EndProject
Project("{2150E333-8FDC-42A3-9474-1A3956D46DE8}") = "Voting", "Voting", "{D69A2EC9-F8AB-4291-6ADF-DC34E82A5420}"
EndProject
Project("{FAE04EC0-301F-11D3-BF4B-00C04F79EFBC}") = "MatForum.Voting.Application", "src\Services\Voting\MatForum.Voting.Application\MatForum.Voting.Application.csproj", "{243FEE95-3945-489F-94C5-44F7ACF9D1A5}"
EndProject
Project("{FAE04EC0-301F-11D3-BF4B-00C04F79EFBC}") = "MatForum.Voting.Domain", "src\Services\Voting\MatForum.Voting.Domain\MatForum.Voting.Domain.csproj", "{AD201A20-B5E8-43D5-B0BC-7ED25D9BFB3F}"
EndProject
Project("{FAE04EC0-301F-11D3-BF4B-00C04F79EFBC}") = "MatForum.Voting.Infrastructure", "src\Services\Voting\MatForum.Voting.Infrastructure\MatForum.Voting.Infrastructure.csproj", "{302244AA-411B-4681-9E8A-C2B95C67EB1F}"
EndProject
Project("{FAE04EC0-301F-11D3-BF4B-00C04F79EFBC}") = "MatForum.Voting.API", "src\Services\Voting\MatForum.Voting.API\MatForum.Voting.API.csproj", "{EE6411D5-5C63-4F29-A8DB-D9A826C20174}"
EndProject
Project("{E53339B2-1760-4266-BCC7-CA923CBCF16C}") = "docker-compose", "docker-compose.dcproj", "{81DDED9D-158B-E303-5F62-77A2896D2A5A}"
EndProject
Project("{2150E333-8FDC-42A3-9474-1A3956D46DE8}") = "QuestionAnswer", "QuestionAnswer", "{0545016D-7EEA-433C-A5F4-9ABD094F2CBD}"
EndProject
Project("{FAE04EC0-301F-11D3-BF4B-00C04F79EFBC}") = "MatForum.QuestionAnswer.Domain", "src\Services\QuestionAnswer\MatForum.QuestionAnswer.Domain\MatForum.QuestionAnswer.Domain.csproj", "{1BD60D58-D5E8-4DAC-BF07-B7DE71650EB6}"
EndProject
Project("{FAE04EC0-301F-11D3-BF4B-00C04F79EFBC}") = "MatForum.QuestionAnswer.Application", "src\Services\QuestionAnswer\MatForum.QuestionAnswer.Application\MatForum.QuestionAnswer.Application.csproj", "{1B19C443-4496-4CCA-BEEC-029DB845160A}"
EndProject
Project("{FAE04EC0-301F-11D3-BF4B-00C04F79EFBC}") = "MatForum.QuestionAnswer.Infrastructure", "src\Services\QuestionAnswer\MatForum.QuestionAnswer.Infrastructure\MatForum.QuestionAnswer.Infrastructure.csproj", "{D4D189BC-6A92-4A5D-9170-6F34F49290DF}"
EndProject
Project("{FAE04EC0-301F-11D3-BF4B-00C04F79EFBC}") = "MatForum.QuestionAnswer.API", "src\Services\QuestionAnswer\MatForum.QuestionAnswer.API\MatForum.QuestionAnswer.API.csproj", "{A1B2C3D4-5E6F-7890-1234-56789ABCDEF0}"
EndProject
Project("{2150E333-8FDC-42A3-9474-1A3956D46DE8}") = "Security", "Security", "{02EA681E-C7D8-13C7-8484-4AC65E1B71E8}"
EndProject
Project("{FAE04EC0-301F-11D3-BF4B-00C04F79EFBC}") = "MatForum.IdentityServer.Domain", "src\Security\MatForum.IdentityServer.Domain\MatForum.IdentityServer.Domain.csproj", "{5C136F73-B8F9-49F1-A332-E9EE2B190D89}"
EndProject
Project("{FAE04EC0-301F-11D3-BF4B-00C04F79EFBC}") = "MatForum.IdentityServer.API", "src\Security\MatForum.IdentityServer.API\MatForum.IdentityServer.API.csproj", "{09AD66E3-A637-0CCE-4776-E5CEE84E77BE}"
EndProject
Project("{FAE04EC0-301F-11D3-BF4B-00C04F79EFBC}") = "MatForum.IdentityServer.Application", "src\Security\MatForum.IdentityServer.Application\MatForum.IdentityServer.Application\MatForum.IdentityServer.Application.csproj", "{E19E6820-44DA-45E9-ACF5-F8268C6BE9DE}"
EndProject
Project("{FAE04EC0-301F-11D3-BF4B-00C04F79EFBC}") = "MatForum.IdentityServer.Infrastructure", "src\Security\MatForum.IdentityServer.Infrastructure\MatForum.IdentityServer.Infrastructure\MatForum.IdentityServer.Infrastructure.csproj", "{C0A8C133-B020-4D4B-AF2C-C6C4FF3264C1}"
EndProject
Global
	GlobalSection(SolutionConfigurationPlatforms) = preSolution
		Debug|Any CPU = Debug|Any CPU
		Debug|x64 = Debug|x64
		Debug|x86 = Debug|x86
		Release|Any CPU = Release|Any CPU
		Release|x64 = Release|x64
		Release|x86 = Release|x86
	EndGlobalSection
	GlobalSection(ProjectConfigurationPlatforms) = postSolution
		{E82745A7-39B3-4F3F-BC4A-7C978F5A62C4}.Debug|Any CPU.ActiveCfg = Debug|Any CPU
		{E82745A7-39B3-4F3F-BC4A-7C978F5A62C4}.Debug|Any CPU.Build.0 = Debug|Any CPU
		{E82745A7-39B3-4F3F-BC4A-7C978F5A62C4}.Debug|x64.ActiveCfg = Debug|Any CPU
		{E82745A7-39B3-4F3F-BC4A-7C978F5A62C4}.Debug|x64.Build.0 = Debug|Any CPU
		{E82745A7-39B3-4F3F-BC4A-7C978F5A62C4}.Debug|x86.ActiveCfg = Debug|Any CPU
		{E82745A7-39B3-4F3F-BC4A-7C978F5A62C4}.Debug|x86.Build.0 = Debug|Any CPU
		{E82745A7-39B3-4F3F-BC4A-7C978F5A62C4}.Release|Any CPU.ActiveCfg = Release|Any CPU
		{E82745A7-39B3-4F3F-BC4A-7C978F5A62C4}.Release|Any CPU.Build.0 = Release|Any CPU
		{E82745A7-39B3-4F3F-BC4A-7C978F5A62C4}.Release|x64.ActiveCfg = Release|Any CPU
		{E82745A7-39B3-4F3F-BC4A-7C978F5A62C4}.Release|x64.Build.0 = Release|Any CPU
		{E82745A7-39B3-4F3F-BC4A-7C978F5A62C4}.Release|x86.ActiveCfg = Release|Any CPU
		{E82745A7-39B3-4F3F-BC4A-7C978F5A62C4}.Release|x86.Build.0 = Release|Any CPU
		{101FBEEE-0BA7-43C4-B424-AE892CDF61C5}.Debug|Any CPU.ActiveCfg = Debug|Any CPU
		{101FBEEE-0BA7-43C4-B424-AE892CDF61C5}.Debug|Any CPU.Build.0 = Debug|Any CPU
		{101FBEEE-0BA7-43C4-B424-AE892CDF61C5}.Debug|x64.ActiveCfg = Debug|Any CPU
		{101FBEEE-0BA7-43C4-B424-AE892CDF61C5}.Debug|x64.Build.0 = Debug|Any CPU
		{101FBEEE-0BA7-43C4-B424-AE892CDF61C5}.Debug|x86.ActiveCfg = Debug|Any CPU
		{101FBEEE-0BA7-43C4-B424-AE892CDF61C5}.Debug|x86.Build.0 = Debug|Any CPU
		{101FBEEE-0BA7-43C4-B424-AE892CDF61C5}.Release|Any CPU.ActiveCfg = Release|Any CPU
		{101FBEEE-0BA7-43C4-B424-AE892CDF61C5}.Release|Any CPU.Build.0 = Release|Any CPU
		{101FBEEE-0BA7-43C4-B424-AE892CDF61C5}.Release|x64.ActiveCfg = Release|Any CPU
		{101FBEEE-0BA7-43C4-B424-AE892CDF61C5}.Release|x64.Build.0 = Release|Any CPU
		{101FBEEE-0BA7-43C4-B424-AE892CDF61C5}.Release|x86.ActiveCfg = Release|Any CPU
		{101FBEEE-0BA7-43C4-B424-AE892CDF61C5}.Release|x86.Build.0 = Release|Any CPU
		{FFA659DA-1EF3-4110-AA48-6082ADDBDA67}.Debug|Any CPU.ActiveCfg = Debug|Any CPU
		{FFA659DA-1EF3-4110-AA48-6082ADDBDA67}.Debug|Any CPU.Build.0 = Debug|Any CPU
		{FFA659DA-1EF3-4110-AA48-6082ADDBDA67}.Debug|x64.ActiveCfg = Debug|Any CPU
		{FFA659DA-1EF3-4110-AA48-6082ADDBDA67}.Debug|x64.Build.0 = Debug|Any CPU
		{FFA659DA-1EF3-4110-AA48-6082ADDBDA67}.Debug|x86.ActiveCfg = Debug|Any CPU
		{FFA659DA-1EF3-4110-AA48-6082ADDBDA67}.Debug|x86.Build.0 = Debug|Any CPU
		{FFA659DA-1EF3-4110-AA48-6082ADDBDA67}.Release|Any CPU.ActiveCfg = Release|Any CPU
		{FFA659DA-1EF3-4110-AA48-6082ADDBDA67}.Release|Any CPU.Build.0 = Release|Any CPU
		{FFA659DA-1EF3-4110-AA48-6082ADDBDA67}.Release|x64.ActiveCfg = Release|Any CPU
		{FFA659DA-1EF3-4110-AA48-6082ADDBDA67}.Release|x64.Build.0 = Release|Any CPU
		{FFA659DA-1EF3-4110-AA48-6082ADDBDA67}.Release|x86.ActiveCfg = Release|Any CPU
		{FFA659DA-1EF3-4110-AA48-6082ADDBDA67}.Release|x86.Build.0 = Release|Any CPU
		{7FA2196F-554E-4ADD-85D6-8E742A5EF848}.Debug|Any CPU.ActiveCfg = Debug|Any CPU
		{7FA2196F-554E-4ADD-85D6-8E742A5EF848}.Debug|Any CPU.Build.0 = Debug|Any CPU
		{7FA2196F-554E-4ADD-85D6-8E742A5EF848}.Debug|x64.ActiveCfg = Debug|Any CPU
		{7FA2196F-554E-4ADD-85D6-8E742A5EF848}.Debug|x64.Build.0 = Debug|Any CPU
		{7FA2196F-554E-4ADD-85D6-8E742A5EF848}.Debug|x86.ActiveCfg = Debug|Any CPU
		{7FA2196F-554E-4ADD-85D6-8E742A5EF848}.Debug|x86.Build.0 = Debug|Any CPU
		{7FA2196F-554E-4ADD-85D6-8E742A5EF848}.Release|Any CPU.ActiveCfg = Release|Any CPU
		{7FA2196F-554E-4ADD-85D6-8E742A5EF848}.Release|Any CPU.Build.0 = Release|Any CPU
		{7FA2196F-554E-4ADD-85D6-8E742A5EF848}.Release|x64.ActiveCfg = Release|Any CPU
		{7FA2196F-554E-4ADD-85D6-8E742A5EF848}.Release|x64.Build.0 = Release|Any CPU
		{7FA2196F-554E-4ADD-85D6-8E742A5EF848}.Release|x86.ActiveCfg = Release|Any CPU
		{7FA2196F-554E-4ADD-85D6-8E742A5EF848}.Release|x86.Build.0 = Release|Any CPU
		{BC19B726-05E5-485D-8850-9418539729B8}.Debug|Any CPU.ActiveCfg = Debug|Any CPU
		{BC19B726-05E5-485D-8850-9418539729B8}.Debug|Any CPU.Build.0 = Debug|Any CPU
		{BC19B726-05E5-485D-8850-9418539729B8}.Debug|x64.ActiveCfg = Debug|Any CPU
		{BC19B726-05E5-485D-8850-9418539729B8}.Debug|x64.Build.0 = Debug|Any CPU
		{BC19B726-05E5-485D-8850-9418539729B8}.Debug|x86.ActiveCfg = Debug|Any CPU
		{BC19B726-05E5-485D-8850-9418539729B8}.Debug|x86.Build.0 = Debug|Any CPU
		{BC19B726-05E5-485D-8850-9418539729B8}.Release|Any CPU.ActiveCfg = Release|Any CPU
		{BC19B726-05E5-485D-8850-9418539729B8}.Release|Any CPU.Build.0 = Release|Any CPU
		{BC19B726-05E5-485D-8850-9418539729B8}.Release|x64.ActiveCfg = Release|Any CPU
		{BC19B726-05E5-485D-8850-9418539729B8}.Release|x64.Build.0 = Release|Any CPU
		{BC19B726-05E5-485D-8850-9418539729B8}.Release|x86.ActiveCfg = Release|Any CPU
		{BC19B726-05E5-485D-8850-9418539729B8}.Release|x86.Build.0 = Release|Any CPU
		{70EBB7A7-AA4C-47E9-8525-E3F1B9E57E95}.Debug|Any CPU.ActiveCfg = Debug|Any CPU
		{70EBB7A7-AA4C-47E9-8525-E3F1B9E57E95}.Debug|Any CPU.Build.0 = Debug|Any CPU
		{70EBB7A7-AA4C-47E9-8525-E3F1B9E57E95}.Debug|x64.ActiveCfg = Debug|Any CPU
		{70EBB7A7-AA4C-47E9-8525-E3F1B9E57E95}.Debug|x64.Build.0 = Debug|Any CPU
		{70EBB7A7-AA4C-47E9-8525-E3F1B9E57E95}.Debug|x86.ActiveCfg = Debug|Any CPU
		{70EBB7A7-AA4C-47E9-8525-E3F1B9E57E95}.Debug|x86.Build.0 = Debug|Any CPU
		{70EBB7A7-AA4C-47E9-8525-E3F1B9E57E95}.Release|Any CPU.ActiveCfg = Release|Any CPU
		{70EBB7A7-AA4C-47E9-8525-E3F1B9E57E95}.Release|Any CPU.Build.0 = Release|Any CPU
		{70EBB7A7-AA4C-47E9-8525-E3F1B9E57E95}.Release|x64.ActiveCfg = Release|Any CPU
		{70EBB7A7-AA4C-47E9-8525-E3F1B9E57E95}.Release|x64.Build.0 = Release|Any CPU
		{70EBB7A7-AA4C-47E9-8525-E3F1B9E57E95}.Release|x86.ActiveCfg = Release|Any CPU
		{70EBB7A7-AA4C-47E9-8525-E3F1B9E57E95}.Release|x86.Build.0 = Release|Any CPU
		{88535F40-2C59-4E44-9FF8-B4D14186E145}.Debug|Any CPU.ActiveCfg = Debug|Any CPU
		{88535F40-2C59-4E44-9FF8-B4D14186E145}.Debug|Any CPU.Build.0 = Debug|Any CPU
		{88535F40-2C59-4E44-9FF8-B4D14186E145}.Debug|x64.ActiveCfg = Debug|Any CPU
		{88535F40-2C59-4E44-9FF8-B4D14186E145}.Debug|x64.Build.0 = Debug|Any CPU
		{88535F40-2C59-4E44-9FF8-B4D14186E145}.Debug|x86.ActiveCfg = Debug|Any CPU
		{88535F40-2C59-4E44-9FF8-B4D14186E145}.Debug|x86.Build.0 = Debug|Any CPU
		{88535F40-2C59-4E44-9FF8-B4D14186E145}.Release|Any CPU.ActiveCfg = Release|Any CPU
		{88535F40-2C59-4E44-9FF8-B4D14186E145}.Release|Any CPU.Build.0 = Release|Any CPU
		{88535F40-2C59-4E44-9FF8-B4D14186E145}.Release|x64.ActiveCfg = Release|Any CPU
		{88535F40-2C59-4E44-9FF8-B4D14186E145}.Release|x64.Build.0 = Release|Any CPU
		{88535F40-2C59-4E44-9FF8-B4D14186E145}.Release|x86.ActiveCfg = Release|Any CPU
		{88535F40-2C59-4E44-9FF8-B4D14186E145}.Release|x86.Build.0 = Release|Any CPU
		{AC468D76-2E7C-45E7-AA74-5D6F7C2D5AD7}.Debug|Any CPU.ActiveCfg = Debug|Any CPU
		{AC468D76-2E7C-45E7-AA74-5D6F7C2D5AD7}.Debug|Any CPU.Build.0 = Debug|Any CPU
		{AC468D76-2E7C-45E7-AA74-5D6F7C2D5AD7}.Debug|x64.ActiveCfg = Debug|Any CPU
		{AC468D76-2E7C-45E7-AA74-5D6F7C2D5AD7}.Debug|x64.Build.0 = Debug|Any CPU
		{AC468D76-2E7C-45E7-AA74-5D6F7C2D5AD7}.Debug|x86.ActiveCfg = Debug|Any CPU
		{AC468D76-2E7C-45E7-AA74-5D6F7C2D5AD7}.Debug|x86.Build.0 = Debug|Any CPU
		{AC468D76-2E7C-45E7-AA74-5D6F7C2D5AD7}.Release|Any CPU.ActiveCfg = Release|Any CPU
		{AC468D76-2E7C-45E7-AA74-5D6F7C2D5AD7}.Release|Any CPU.Build.0 = Release|Any CPU
		{AC468D76-2E7C-45E7-AA74-5D6F7C2D5AD7}.Release|x64.ActiveCfg = Release|Any CPU
		{AC468D76-2E7C-45E7-AA74-5D6F7C2D5AD7}.Release|x64.Build.0 = Release|Any CPU
		{AC468D76-2E7C-45E7-AA74-5D6F7C2D5AD7}.Release|x86.ActiveCfg = Release|Any CPU
		{AC468D76-2E7C-45E7-AA74-5D6F7C2D5AD7}.Release|x86.Build.0 = Release|Any CPU
		{82F2E0A9-9F51-48F9-A8AE-66C3C8BFFB19}.Debug|Any CPU.ActiveCfg = Debug|Any CPU
		{82F2E0A9-9F51-48F9-A8AE-66C3C8BFFB19}.Debug|Any CPU.Build.0 = Debug|Any CPU
		{82F2E0A9-9F51-48F9-A8AE-66C3C8BFFB19}.Debug|x64.ActiveCfg = Debug|Any CPU
		{82F2E0A9-9F51-48F9-A8AE-66C3C8BFFB19}.Debug|x64.Build.0 = Debug|Any CPU
		{82F2E0A9-9F51-48F9-A8AE-66C3C8BFFB19}.Debug|x86.ActiveCfg = Debug|Any CPU
		{82F2E0A9-9F51-48F9-A8AE-66C3C8BFFB19}.Debug|x86.Build.0 = Debug|Any CPU
		{82F2E0A9-9F51-48F9-A8AE-66C3C8BFFB19}.Release|Any CPU.ActiveCfg = Release|Any CPU
		{82F2E0A9-9F51-48F9-A8AE-66C3C8BFFB19}.Release|Any CPU.Build.0 = Release|Any CPU
		{82F2E0A9-9F51-48F9-A8AE-66C3C8BFFB19}.Release|x64.ActiveCfg = Release|Any CPU
		{82F2E0A9-9F51-48F9-A8AE-66C3C8BFFB19}.Release|x64.Build.0 = Release|Any CPU
		{82F2E0A9-9F51-48F9-A8AE-66C3C8BFFB19}.Release|x86.ActiveCfg = Release|Any CPU
		{82F2E0A9-9F51-48F9-A8AE-66C3C8BFFB19}.Release|x86.Build.0 = Release|Any CPU
		{DE54F8AB-3A64-49B6-A0AA-9050A86ED5D1}.Debug|Any CPU.ActiveCfg = Debug|Any CPU
		{DE54F8AB-3A64-49B6-A0AA-9050A86ED5D1}.Debug|Any CPU.Build.0 = Debug|Any CPU
		{DE54F8AB-3A64-49B6-A0AA-9050A86ED5D1}.Debug|x64.ActiveCfg = Debug|Any CPU
		{DE54F8AB-3A64-49B6-A0AA-9050A86ED5D1}.Debug|x64.Build.0 = Debug|Any CPU
		{DE54F8AB-3A64-49B6-A0AA-9050A86ED5D1}.Debug|x86.ActiveCfg = Debug|Any CPU
		{DE54F8AB-3A64-49B6-A0AA-9050A86ED5D1}.Debug|x86.Build.0 = Debug|Any CPU
		{DE54F8AB-3A64-49B6-A0AA-9050A86ED5D1}.Release|Any CPU.ActiveCfg = Release|Any CPU
		{DE54F8AB-3A64-49B6-A0AA-9050A86ED5D1}.Release|Any CPU.Build.0 = Release|Any CPU
		{DE54F8AB-3A64-49B6-A0AA-9050A86ED5D1}.Release|x64.ActiveCfg = Release|Any CPU
		{DE54F8AB-3A64-49B6-A0AA-9050A86ED5D1}.Release|x64.Build.0 = Release|Any CPU
		{DE54F8AB-3A64-49B6-A0AA-9050A86ED5D1}.Release|x86.ActiveCfg = Release|Any CPU
		{DE54F8AB-3A64-49B6-A0AA-9050A86ED5D1}.Release|x86.Build.0 = Release|Any CPU
		{7D298638-1CA8-4EBD-AD40-B150018BF232}.Debug|Any CPU.ActiveCfg = Debug|Any CPU
		{7D298638-1CA8-4EBD-AD40-B150018BF232}.Debug|Any CPU.Build.0 = Debug|Any CPU
		{7D298638-1CA8-4EBD-AD40-B150018BF232}.Debug|x64.ActiveCfg = Debug|Any CPU
		{7D298638-1CA8-4EBD-AD40-B150018BF232}.Debug|x64.Build.0 = Debug|Any CPU
		{7D298638-1CA8-4EBD-AD40-B150018BF232}.Debug|x86.ActiveCfg = Debug|Any CPU
		{7D298638-1CA8-4EBD-AD40-B150018BF232}.Debug|x86.Build.0 = Debug|Any CPU
		{7D298638-1CA8-4EBD-AD40-B150018BF232}.Release|Any CPU.ActiveCfg = Release|Any CPU
		{7D298638-1CA8-4EBD-AD40-B150018BF232}.Release|Any CPU.Build.0 = Release|Any CPU
		{7D298638-1CA8-4EBD-AD40-B150018BF232}.Release|x64.ActiveCfg = Release|Any CPU
		{7D298638-1CA8-4EBD-AD40-B150018BF232}.Release|x64.Build.0 = Release|Any CPU
		{7D298638-1CA8-4EBD-AD40-B150018BF232}.Release|x86.ActiveCfg = Release|Any CPU
		{7D298638-1CA8-4EBD-AD40-B150018BF232}.Release|x86.Build.0 = Release|Any CPU
		{287EC5A5-4352-45CB-8C02-1E8BFF483D0C}.Debug|Any CPU.ActiveCfg = Debug|Any CPU
		{287EC5A5-4352-45CB-8C02-1E8BFF483D0C}.Debug|Any CPU.Build.0 = Debug|Any CPU
		{287EC5A5-4352-45CB-8C02-1E8BFF483D0C}.Debug|x64.ActiveCfg = Debug|Any CPU
		{287EC5A5-4352-45CB-8C02-1E8BFF483D0C}.Debug|x64.Build.0 = Debug|Any CPU
		{287EC5A5-4352-45CB-8C02-1E8BFF483D0C}.Debug|x86.ActiveCfg = Debug|Any CPU
		{287EC5A5-4352-45CB-8C02-1E8BFF483D0C}.Debug|x86.Build.0 = Debug|Any CPU
		{287EC5A5-4352-45CB-8C02-1E8BFF483D0C}.Release|Any CPU.ActiveCfg = Release|Any CPU
		{287EC5A5-4352-45CB-8C02-1E8BFF483D0C}.Release|Any CPU.Build.0 = Release|Any CPU
		{287EC5A5-4352-45CB-8C02-1E8BFF483D0C}.Release|x64.ActiveCfg = Release|Any CPU
		{287EC5A5-4352-45CB-8C02-1E8BFF483D0C}.Release|x64.Build.0 = Release|Any CPU
		{287EC5A5-4352-45CB-8C02-1E8BFF483D0C}.Release|x86.ActiveCfg = Release|Any CPU
		{287EC5A5-4352-45CB-8C02-1E8BFF483D0C}.Release|x86.Build.0 = Release|Any CPU
		{243FEE95-3945-489F-94C5-44F7ACF9D1A5}.Debug|Any CPU.ActiveCfg = Debug|Any CPU
		{243FEE95-3945-489F-94C5-44F7ACF9D1A5}.Debug|Any CPU.Build.0 = Debug|Any CPU
		{243FEE95-3945-489F-94C5-44F7ACF9D1A5}.Debug|x64.ActiveCfg = Debug|Any CPU
		{243FEE95-3945-489F-94C5-44F7ACF9D1A5}.Debug|x64.Build.0 = Debug|Any CPU
		{243FEE95-3945-489F-94C5-44F7ACF9D1A5}.Debug|x86.ActiveCfg = Debug|Any CPU
		{243FEE95-3945-489F-94C5-44F7ACF9D1A5}.Debug|x86.Build.0 = Debug|Any CPU
		{243FEE95-3945-489F-94C5-44F7ACF9D1A5}.Release|Any CPU.ActiveCfg = Release|Any CPU
		{243FEE95-3945-489F-94C5-44F7ACF9D1A5}.Release|Any CPU.Build.0 = Release|Any CPU
		{243FEE95-3945-489F-94C5-44F7ACF9D1A5}.Release|x64.ActiveCfg = Release|Any CPU
		{243FEE95-3945-489F-94C5-44F7ACF9D1A5}.Release|x64.Build.0 = Release|Any CPU
		{243FEE95-3945-489F-94C5-44F7ACF9D1A5}.Release|x86.ActiveCfg = Release|Any CPU
		{243FEE95-3945-489F-94C5-44F7ACF9D1A5}.Release|x86.Build.0 = Release|Any CPU
		{AD201A20-B5E8-43D5-B0BC-7ED25D9BFB3F}.Debug|Any CPU.ActiveCfg = Debug|Any CPU
		{AD201A20-B5E8-43D5-B0BC-7ED25D9BFB3F}.Debug|Any CPU.Build.0 = Debug|Any CPU
		{AD201A20-B5E8-43D5-B0BC-7ED25D9BFB3F}.Debug|x64.ActiveCfg = Debug|Any CPU
		{AD201A20-B5E8-43D5-B0BC-7ED25D9BFB3F}.Debug|x64.Build.0 = Debug|Any CPU
		{AD201A20-B5E8-43D5-B0BC-7ED25D9BFB3F}.Debug|x86.ActiveCfg = Debug|Any CPU
		{AD201A20-B5E8-43D5-B0BC-7ED25D9BFB3F}.Debug|x86.Build.0 = Debug|Any CPU
		{AD201A20-B5E8-43D5-B0BC-7ED25D9BFB3F}.Release|Any CPU.ActiveCfg = Release|Any CPU
		{AD201A20-B5E8-43D5-B0BC-7ED25D9BFB3F}.Release|Any CPU.Build.0 = Release|Any CPU
		{AD201A20-B5E8-43D5-B0BC-7ED25D9BFB3F}.Release|x64.ActiveCfg = Release|Any CPU
		{AD201A20-B5E8-43D5-B0BC-7ED25D9BFB3F}.Release|x64.Build.0 = Release|Any CPU
		{AD201A20-B5E8-43D5-B0BC-7ED25D9BFB3F}.Release|x86.ActiveCfg = Release|Any CPU
		{AD201A20-B5E8-43D5-B0BC-7ED25D9BFB3F}.Release|x86.Build.0 = Release|Any CPU
		{302244AA-411B-4681-9E8A-C2B95C67EB1F}.Debug|Any CPU.ActiveCfg = Debug|Any CPU
		{302244AA-411B-4681-9E8A-C2B95C67EB1F}.Debug|Any CPU.Build.0 = Debug|Any CPU
		{302244AA-411B-4681-9E8A-C2B95C67EB1F}.Debug|x64.ActiveCfg = Debug|Any CPU
		{302244AA-411B-4681-9E8A-C2B95C67EB1F}.Debug|x64.Build.0 = Debug|Any CPU
		{302244AA-411B-4681-9E8A-C2B95C67EB1F}.Debug|x86.ActiveCfg = Debug|Any CPU
		{302244AA-411B-4681-9E8A-C2B95C67EB1F}.Debug|x86.Build.0 = Debug|Any CPU
		{302244AA-411B-4681-9E8A-C2B95C67EB1F}.Release|Any CPU.ActiveCfg = Release|Any CPU
		{302244AA-411B-4681-9E8A-C2B95C67EB1F}.Release|Any CPU.Build.0 = Release|Any CPU
		{302244AA-411B-4681-9E8A-C2B95C67EB1F}.Release|x64.ActiveCfg = Release|Any CPU
		{302244AA-411B-4681-9E8A-C2B95C67EB1F}.Release|x64.Build.0 = Release|Any CPU
		{302244AA-411B-4681-9E8A-C2B95C67EB1F}.Release|x86.ActiveCfg = Release|Any CPU
		{302244AA-411B-4681-9E8A-C2B95C67EB1F}.Release|x86.Build.0 = Release|Any CPU
		{EE6411D5-5C63-4F29-A8DB-D9A826C20174}.Debug|Any CPU.ActiveCfg = Debug|Any CPU
		{EE6411D5-5C63-4F29-A8DB-D9A826C20174}.Debug|Any CPU.Build.0 = Debug|Any CPU
		{EE6411D5-5C63-4F29-A8DB-D9A826C20174}.Debug|x64.ActiveCfg = Debug|Any CPU
		{EE6411D5-5C63-4F29-A8DB-D9A826C20174}.Debug|x64.Build.0 = Debug|Any CPU
		{EE6411D5-5C63-4F29-A8DB-D9A826C20174}.Debug|x86.ActiveCfg = Debug|Any CPU
		{EE6411D5-5C63-4F29-A8DB-D9A826C20174}.Debug|x86.Build.0 = Debug|Any CPU
		{EE6411D5-5C63-4F29-A8DB-D9A826C20174}.Release|Any CPU.ActiveCfg = Release|Any CPU
		{EE6411D5-5C63-4F29-A8DB-D9A826C20174}.Release|Any CPU.Build.0 = Release|Any CPU
		{EE6411D5-5C63-4F29-A8DB-D9A826C20174}.Release|x64.ActiveCfg = Release|Any CPU
		{EE6411D5-5C63-4F29-A8DB-D9A826C20174}.Release|x64.Build.0 = Release|Any CPU
		{EE6411D5-5C63-4F29-A8DB-D9A826C20174}.Release|x86.ActiveCfg = Release|Any CPU
		{EE6411D5-5C63-4F29-A8DB-D9A826C20174}.Release|x86.Build.0 = Release|Any CPU
		{81DDED9D-158B-E303-5F62-77A2896D2A5A}.Debug|Any CPU.ActiveCfg = Debug|Any CPU
		{81DDED9D-158B-E303-5F62-77A2896D2A5A}.Debug|Any CPU.Build.0 = Debug|Any CPU
		{81DDED9D-158B-E303-5F62-77A2896D2A5A}.Debug|x64.ActiveCfg = Debug|Any CPU
		{81DDED9D-158B-E303-5F62-77A2896D2A5A}.Debug|x64.Build.0 = Debug|Any CPU
		{81DDED9D-158B-E303-5F62-77A2896D2A5A}.Debug|x86.ActiveCfg = Debug|Any CPU
		{81DDED9D-158B-E303-5F62-77A2896D2A5A}.Debug|x86.Build.0 = Debug|Any CPU
		{81DDED9D-158B-E303-5F62-77A2896D2A5A}.Release|Any CPU.ActiveCfg = Release|Any CPU
		{81DDED9D-158B-E303-5F62-77A2896D2A5A}.Release|Any CPU.Build.0 = Release|Any CPU
		{81DDED9D-158B-E303-5F62-77A2896D2A5A}.Release|x64.ActiveCfg = Release|Any CPU
		{81DDED9D-158B-E303-5F62-77A2896D2A5A}.Release|x64.Build.0 = Release|Any CPU
		{81DDED9D-158B-E303-5F62-77A2896D2A5A}.Release|x86.ActiveCfg = Release|Any CPU
		{81DDED9D-158B-E303-5F62-77A2896D2A5A}.Release|x86.Build.0 = Release|Any CPU
		{1BD60D58-D5E8-4DAC-BF07-B7DE71650EB6}.Debug|Any CPU.ActiveCfg = Debug|Any CPU
		{1BD60D58-D5E8-4DAC-BF07-B7DE71650EB6}.Debug|Any CPU.Build.0 = Debug|Any CPU
		{1BD60D58-D5E8-4DAC-BF07-B7DE71650EB6}.Debug|x64.ActiveCfg = Debug|Any CPU
		{1BD60D58-D5E8-4DAC-BF07-B7DE71650EB6}.Debug|x64.Build.0 = Debug|Any CPU
		{1BD60D58-D5E8-4DAC-BF07-B7DE71650EB6}.Debug|x86.ActiveCfg = Debug|Any CPU
		{1BD60D58-D5E8-4DAC-BF07-B7DE71650EB6}.Debug|x86.Build.0 = Debug|Any CPU
		{1BD60D58-D5E8-4DAC-BF07-B7DE71650EB6}.Release|Any CPU.ActiveCfg = Release|Any CPU
		{1BD60D58-D5E8-4DAC-BF07-B7DE71650EB6}.Release|Any CPU.Build.0 = Release|Any CPU
		{1BD60D58-D5E8-4DAC-BF07-B7DE71650EB6}.Release|x64.ActiveCfg = Release|Any CPU
		{1BD60D58-D5E8-4DAC-BF07-B7DE71650EB6}.Release|x64.Build.0 = Release|Any CPU
		{1BD60D58-D5E8-4DAC-BF07-B7DE71650EB6}.Release|x86.ActiveCfg = Release|Any CPU
		{1BD60D58-D5E8-4DAC-BF07-B7DE71650EB6}.Release|x86.Build.0 = Release|Any CPU
		{1B19C443-4496-4CCA-BEEC-029DB845160A}.Debug|Any CPU.ActiveCfg = Debug|Any CPU
		{1B19C443-4496-4CCA-BEEC-029DB845160A}.Debug|Any CPU.Build.0 = Debug|Any CPU
		{1B19C443-4496-4CCA-BEEC-029DB845160A}.Debug|x64.ActiveCfg = Debug|Any CPU
		{1B19C443-4496-4CCA-BEEC-029DB845160A}.Debug|x64.Build.0 = Debug|Any CPU
		{1B19C443-4496-4CCA-BEEC-029DB845160A}.Debug|x86.ActiveCfg = Debug|Any CPU
		{1B19C443-4496-4CCA-BEEC-029DB845160A}.Debug|x86.Build.0 = Debug|Any CPU
		{1B19C443-4496-4CCA-BEEC-029DB845160A}.Release|Any CPU.ActiveCfg = Release|Any CPU
		{1B19C443-4496-4CCA-BEEC-029DB845160A}.Release|Any CPU.Build.0 = Release|Any CPU
		{1B19C443-4496-4CCA-BEEC-029DB845160A}.Release|x64.ActiveCfg = Release|Any CPU
		{1B19C443-4496-4CCA-BEEC-029DB845160A}.Release|x64.Build.0 = Release|Any CPU
		{1B19C443-4496-4CCA-BEEC-029DB845160A}.Release|x86.ActiveCfg = Release|Any CPU
		{1B19C443-4496-4CCA-BEEC-029DB845160A}.Release|x86.Build.0 = Release|Any CPU
		{D4D189BC-6A92-4A5D-9170-6F34F49290DF}.Debug|Any CPU.ActiveCfg = Debug|Any CPU
		{D4D189BC-6A92-4A5D-9170-6F34F49290DF}.Debug|Any CPU.Build.0 = Debug|Any CPU
		{D4D189BC-6A92-4A5D-9170-6F34F49290DF}.Debug|x64.ActiveCfg = Debug|Any CPU
		{D4D189BC-6A92-4A5D-9170-6F34F49290DF}.Debug|x64.Build.0 = Debug|Any CPU
		{D4D189BC-6A92-4A5D-9170-6F34F49290DF}.Debug|x86.ActiveCfg = Debug|Any CPU
		{D4D189BC-6A92-4A5D-9170-6F34F49290DF}.Debug|x86.Build.0 = Debug|Any CPU
		{D4D189BC-6A92-4A5D-9170-6F34F49290DF}.Release|Any CPU.ActiveCfg = Release|Any CPU
		{D4D189BC-6A92-4A5D-9170-6F34F49290DF}.Release|Any CPU.Build.0 = Release|Any CPU
		{D4D189BC-6A92-4A5D-9170-6F34F49290DF}.Release|x64.ActiveCfg = Release|Any CPU
		{D4D189BC-6A92-4A5D-9170-6F34F49290DF}.Release|x64.Build.0 = Release|Any CPU
		{D4D189BC-6A92-4A5D-9170-6F34F49290DF}.Release|x86.ActiveCfg = Release|Any CPU
		{D4D189BC-6A92-4A5D-9170-6F34F49290DF}.Release|x86.Build.0 = Release|Any CPU
		{A1B2C3D4-5E6F-7890-1234-56789ABCDEF0}.Debug|Any CPU.ActiveCfg = Debug|Any CPU
		{A1B2C3D4-5E6F-7890-1234-56789ABCDEF0}.Debug|Any CPU.Build.0 = Debug|Any CPU
		{A1B2C3D4-5E6F-7890-1234-56789ABCDEF0}.Debug|x64.ActiveCfg = Debug|Any CPU
		{A1B2C3D4-5E6F-7890-1234-56789ABCDEF0}.Debug|x64.Build.0 = Debug|Any CPU
		{A1B2C3D4-5E6F-7890-1234-56789ABCDEF0}.Debug|x86.ActiveCfg = Debug|Any CPU
		{A1B2C3D4-5E6F-7890-1234-56789ABCDEF0}.Debug|x86.Build.0 = Debug|Any CPU
		{A1B2C3D4-5E6F-7890-1234-56789ABCDEF0}.Release|Any CPU.ActiveCfg = Release|Any CPU
		{A1B2C3D4-5E6F-7890-1234-56789ABCDEF0}.Release|Any CPU.Build.0 = Release|Any CPU
		{A1B2C3D4-5E6F-7890-1234-56789ABCDEF0}.Release|x64.ActiveCfg = Release|Any CPU
		{A1B2C3D4-5E6F-7890-1234-56789ABCDEF0}.Release|x64.Build.0 = Release|Any CPU
		{A1B2C3D4-5E6F-7890-1234-56789ABCDEF0}.Release|x86.ActiveCfg = Release|Any CPU
		{A1B2C3D4-5E6F-7890-1234-56789ABCDEF0}.Release|x86.Build.0 = Release|Any CPU
		{5C136F73-B8F9-49F1-A332-E9EE2B190D89}.Debug|Any CPU.ActiveCfg = Debug|Any CPU
		{5C136F73-B8F9-49F1-A332-E9EE2B190D89}.Debug|Any CPU.Build.0 = Debug|Any CPU
		{5C136F73-B8F9-49F1-A332-E9EE2B190D89}.Debug|x64.ActiveCfg = Debug|Any CPU
		{5C136F73-B8F9-49F1-A332-E9EE2B190D89}.Debug|x64.Build.0 = Debug|Any CPU
		{5C136F73-B8F9-49F1-A332-E9EE2B190D89}.Debug|x86.ActiveCfg = Debug|Any CPU
		{5C136F73-B8F9-49F1-A332-E9EE2B190D89}.Debug|x86.Build.0 = Debug|Any CPU
		{5C136F73-B8F9-49F1-A332-E9EE2B190D89}.Release|Any CPU.ActiveCfg = Release|Any CPU
		{5C136F73-B8F9-49F1-A332-E9EE2B190D89}.Release|Any CPU.Build.0 = Release|Any CPU
		{5C136F73-B8F9-49F1-A332-E9EE2B190D89}.Release|x64.ActiveCfg = Release|Any CPU
		{5C136F73-B8F9-49F1-A332-E9EE2B190D89}.Release|x64.Build.0 = Release|Any CPU
		{5C136F73-B8F9-49F1-A332-E9EE2B190D89}.Release|x86.ActiveCfg = Release|Any CPU
		{5C136F73-B8F9-49F1-A332-E9EE2B190D89}.Release|x86.Build.0 = Release|Any CPU
		{09AD66E3-A637-0CCE-4776-E5CEE84E77BE}.Debug|Any CPU.ActiveCfg = Debug|Any CPU
		{09AD66E3-A637-0CCE-4776-E5CEE84E77BE}.Debug|Any CPU.Build.0 = Debug|Any CPU
		{09AD66E3-A637-0CCE-4776-E5CEE84E77BE}.Debug|x64.ActiveCfg = Debug|Any CPU
		{09AD66E3-A637-0CCE-4776-E5CEE84E77BE}.Debug|x64.Build.0 = Debug|Any CPU
		{09AD66E3-A637-0CCE-4776-E5CEE84E77BE}.Debug|x86.ActiveCfg = Debug|Any CPU
		{09AD66E3-A637-0CCE-4776-E5CEE84E77BE}.Debug|x86.Build.0 = Debug|Any CPU
		{09AD66E3-A637-0CCE-4776-E5CEE84E77BE}.Release|Any CPU.ActiveCfg = Release|Any CPU
		{09AD66E3-A637-0CCE-4776-E5CEE84E77BE}.Release|Any CPU.Build.0 = Release|Any CPU
		{09AD66E3-A637-0CCE-4776-E5CEE84E77BE}.Release|x64.ActiveCfg = Release|Any CPU
		{09AD66E3-A637-0CCE-4776-E5CEE84E77BE}.Release|x64.Build.0 = Release|Any CPU
		{09AD66E3-A637-0CCE-4776-E5CEE84E77BE}.Release|x86.ActiveCfg = Release|Any CPU
		{09AD66E3-A637-0CCE-4776-E5CEE84E77BE}.Release|x86.Build.0 = Release|Any CPU
		{E19E6820-44DA-45E9-ACF5-F8268C6BE9DE}.Debug|Any CPU.ActiveCfg = Debug|Any CPU
		{E19E6820-44DA-45E9-ACF5-F8268C6BE9DE}.Debug|Any CPU.Build.0 = Debug|Any CPU
		{E19E6820-44DA-45E9-ACF5-F8268C6BE9DE}.Debug|x64.ActiveCfg = Debug|Any CPU
		{E19E6820-44DA-45E9-ACF5-F8268C6BE9DE}.Debug|x64.Build.0 = Debug|Any CPU
		{E19E6820-44DA-45E9-ACF5-F8268C6BE9DE}.Debug|x86.ActiveCfg = Debug|Any CPU
		{E19E6820-44DA-45E9-ACF5-F8268C6BE9DE}.Debug|x86.Build.0 = Debug|Any CPU
		{E19E6820-44DA-45E9-ACF5-F8268C6BE9DE}.Release|Any CPU.ActiveCfg = Release|Any CPU
		{E19E6820-44DA-45E9-ACF5-F8268C6BE9DE}.Release|Any CPU.Build.0 = Release|Any CPU
		{E19E6820-44DA-45E9-ACF5-F8268C6BE9DE}.Release|x64.ActiveCfg = Release|Any CPU
		{E19E6820-44DA-45E9-ACF5-F8268C6BE9DE}.Release|x64.Build.0 = Release|Any CPU
		{E19E6820-44DA-45E9-ACF5-F8268C6BE9DE}.Release|x86.ActiveCfg = Release|Any CPU
		{E19E6820-44DA-45E9-ACF5-F8268C6BE9DE}.Release|x86.Build.0 = Release|Any CPU
		{C0A8C133-B020-4D4B-AF2C-C6C4FF3264C1}.Debug|Any CPU.ActiveCfg = Debug|Any CPU
		{C0A8C133-B020-4D4B-AF2C-C6C4FF3264C1}.Debug|Any CPU.Build.0 = Debug|Any CPU
		{C0A8C133-B020-4D4B-AF2C-C6C4FF3264C1}.Debug|x64.ActiveCfg = Debug|Any CPU
		{C0A8C133-B020-4D4B-AF2C-C6C4FF3264C1}.Debug|x64.Build.0 = Debug|Any CPU
		{C0A8C133-B020-4D4B-AF2C-C6C4FF3264C1}.Debug|x86.ActiveCfg = Debug|Any CPU
		{C0A8C133-B020-4D4B-AF2C-C6C4FF3264C1}.Debug|x86.Build.0 = Debug|Any CPU
		{C0A8C133-B020-4D4B-AF2C-C6C4FF3264C1}.Release|Any CPU.ActiveCfg = Release|Any CPU
		{C0A8C133-B020-4D4B-AF2C-C6C4FF3264C1}.Release|Any CPU.Build.0 = Release|Any CPU
		{C0A8C133-B020-4D4B-AF2C-C6C4FF3264C1}.Release|x64.ActiveCfg = Release|Any CPU
		{C0A8C133-B020-4D4B-AF2C-C6C4FF3264C1}.Release|x64.Build.0 = Release|Any CPU
		{C0A8C133-B020-4D4B-AF2C-C6C4FF3264C1}.Release|x86.ActiveCfg = Release|Any CPU
		{C0A8C133-B020-4D4B-AF2C-C6C4FF3264C1}.Release|x86.Build.0 = Release|Any CPU
	EndGlobalSection
	GlobalSection(SolutionProperties) = preSolution
		HideSolutionNode = FALSE
	EndGlobalSection
	GlobalSection(NestedProjects) = preSolution
		{C8E42992-5E42-0C2B-DBFE-AA848D06431C} = {827E0CD3-B72D-47B6-A68D-7590B98EB39B}
		{E82745A7-39B3-4F3F-BC4A-7C978F5A62C4} = {C8E42992-5E42-0C2B-DBFE-AA848D06431C}
		{101FBEEE-0BA7-43C4-B424-AE892CDF61C5} = {C8E42992-5E42-0C2B-DBFE-AA848D06431C}
		{FFA659DA-1EF3-4110-AA48-6082ADDBDA67} = {C8E42992-5E42-0C2B-DBFE-AA848D06431C}
		{FCA01246-F2C6-0AA7-D43F-FD13BE0B9D88} = {827E0CD3-B72D-47B6-A68D-7590B98EB39B}
		{7FA2196F-554E-4ADD-85D6-8E742A5EF848} = {FCA01246-F2C6-0AA7-D43F-FD13BE0B9D88}
		{984BB9B3-3FA3-BE33-9484-CAC21695A33C} = {827E0CD3-B72D-47B6-A68D-7590B98EB39B}
		{B7D5EAAE-0816-8D88-99F1-C7C4E7720A4E} = {984BB9B3-3FA3-BE33-9484-CAC21695A33C}
		{BC19B726-05E5-485D-8850-9418539729B8} = {B7D5EAAE-0816-8D88-99F1-C7C4E7720A4E}
		{70EBB7A7-AA4C-47E9-8525-E3F1B9E57E95} = {B7D5EAAE-0816-8D88-99F1-C7C4E7720A4E}
		{88535F40-2C59-4E44-9FF8-B4D14186E145} = {B7D5EAAE-0816-8D88-99F1-C7C4E7720A4E}
		{AC468D76-2E7C-45E7-AA74-5D6F7C2D5AD7} = {B7D5EAAE-0816-8D88-99F1-C7C4E7720A4E}
		{29473F2F-B452-AFBE-74D0-896AEF8C8A48} = {984BB9B3-3FA3-BE33-9484-CAC21695A33C}
		{82F2E0A9-9F51-48F9-A8AE-66C3C8BFFB19} = {29473F2F-B452-AFBE-74D0-896AEF8C8A48}
		{DE54F8AB-3A64-49B6-A0AA-9050A86ED5D1} = {29473F2F-B452-AFBE-74D0-896AEF8C8A48}
		{7D298638-1CA8-4EBD-AD40-B150018BF232} = {29473F2F-B452-AFBE-74D0-896AEF8C8A48}
		{287EC5A5-4352-45CB-8C02-1E8BFF483D0C} = {29473F2F-B452-AFBE-74D0-896AEF8C8A48}
		{D69A2EC9-F8AB-4291-6ADF-DC34E82A5420} = {984BB9B3-3FA3-BE33-9484-CAC21695A33C}
		{243FEE95-3945-489F-94C5-44F7ACF9D1A5} = {D69A2EC9-F8AB-4291-6ADF-DC34E82A5420}
		{AD201A20-B5E8-43D5-B0BC-7ED25D9BFB3F} = {D69A2EC9-F8AB-4291-6ADF-DC34E82A5420}
		{302244AA-411B-4681-9E8A-C2B95C67EB1F} = {D69A2EC9-F8AB-4291-6ADF-DC34E82A5420}
		{EE6411D5-5C63-4F29-A8DB-D9A826C20174} = {D69A2EC9-F8AB-4291-6ADF-DC34E82A5420}
		{0545016D-7EEA-433C-A5F4-9ABD094F2CBD} = {984BB9B3-3FA3-BE33-9484-CAC21695A33C}
		{1BD60D58-D5E8-4DAC-BF07-B7DE71650EB6} = {0545016D-7EEA-433C-A5F4-9ABD094F2CBD}
		{1B19C443-4496-4CCA-BEEC-029DB845160A} = {0545016D-7EEA-433C-A5F4-9ABD094F2CBD}
		{D4D189BC-6A92-4A5D-9170-6F34F49290DF} = {0545016D-7EEA-433C-A5F4-9ABD094F2CBD}
		{A1B2C3D4-5E6F-7890-1234-56789ABCDEF0} = {0545016D-7EEA-433C-A5F4-9ABD094F2CBD}
		{02EA681E-C7D8-13C7-8484-4AC65E1B71E8} = {827E0CD3-B72D-47B6-A68D-7590B98EB39B}
		{5C136F73-B8F9-49F1-A332-E9EE2B190D89} = {02EA681E-C7D8-13C7-8484-4AC65E1B71E8}
		{09AD66E3-A637-0CCE-4776-E5CEE84E77BE} = {02EA681E-C7D8-13C7-8484-4AC65E1B71E8}
		{E19E6820-44DA-45E9-ACF5-F8268C6BE9DE} = {02EA681E-C7D8-13C7-8484-4AC65E1B71E8}
		{C0A8C133-B020-4D4B-AF2C-C6C4FF3264C1} = {02EA681E-C7D8-13C7-8484-4AC65E1B71E8}
	EndGlobalSection
	GlobalSection(ExtensibilityGlobals) = postSolution
		SolutionGuid = {1B3AA3F9-0F8C-4639-8CDB-BC9B9DC1708E}
	EndGlobalSection
EndGlobal
