
Microsoft Visual Studio Solution File, Format Version 12.00
# Visual Studio Version 17
VisualStudioVersion = 17.0.31903.59
MinimumVisualStudioVersion = 10.0.40219.1
Project("{2150E333-8FDC-42A3-9474-1A3956D46DE8}") = "src", "src", "{769C79E7-4209-442F-B55C-5F632535FC82}"
EndProject
Project("{2150E333-8FDC-42A3-9474-1A3956D46DE8}") = "Shared", "Shared", "{4998E920-8651-4461-967B-E8CFD31A15C9}"
EndProject
Project("{FAE04EC0-301F-11D3-BF4B-00C04F79EFBC}") = "MatForum.Shared.Contracts", "src\Shared\MatForum.Shared.Contracts\MatForum.Shared.Contracts.csproj", "{124D3242-F1A6-49F5-BA1D-3BA9784DB566}"
EndProject
Project("{FAE04EC0-301F-11D3-BF4B-00C04F79EFBC}") = "MatForum.Shared.Infrastructure", "src\Shared\MatForum.Shared.Infrastructure\MatForum.Shared.Infrastructure.csproj", "{52CFCC06-7802-4B81-9291-2C7B844AC105}"
EndProject
Project("{FAE04EC0-301F-11D3-BF4B-00C04F79EFBC}") = "MatForum.Shared.Domain", "src\Shared\MatForum.Shared.Domain\MatForum.Shared.Domain.csproj", "{FE1B0C8D-847C-4460-A72E-74284243B9E1}"
EndProject
Project("{2150E333-8FDC-42A3-9474-1A3956D46DE8}") = "Services", "Services", "{1B299E18-29C8-4200-934C-C5EC998180CF}"
EndProject
Project("{2150E333-8FDC-42A3-9474-1A3956D46DE8}") = "UserManagement", "UserManagement", "{8785AFE8-528F-4B40-B50D-99B2130A8789}"
EndProject
Project("{FAE04EC0-301F-11D3-BF4B-00C04F79EFBC}") = "MatForum.UserManagement.API", "src\Services\UserManagement\MatForum.UserManagement.API\MatForum.UserManagement.API.csproj", "{655C374E-04A1-4A7C-B05C-5E50F4C09DDD}"
EndProject
Project("{FAE04EC0-301F-11D3-BF4B-00C04F79EFBC}") = "MatForum.UserManagement.Domain", "src\Services\UserManagement\MatForum.UserManagement.Domain\MatForum.UserManagement.Domain.csproj", "{F66364E5-4BC5-4D48-915D-6C424BA11197}"
EndProject
Project("{FAE04EC0-301F-11D3-BF4B-00C04F79EFBC}") = "MatForum.UserManagement.Application", "src\Services\UserManagement\MatForum.UserManagement.Application\MatForum.UserManagement.Application.csproj", "{959BA5CE-B303-4EAC-9211-F04B490263AE}"
EndProject
Project("{FAE04EC0-301F-11D3-BF4B-00C04F79EFBC}") = "MatForum.UserManagement.Infrastructure", "src\Services\UserManagement\MatForum.UserManagement.Infrastructure\MatForum.UserManagement.Infrastructure.csproj", "{C9F1EBB1-94FA-4FF5-8C71-1E9BCBF878C9}"
EndProject
Project("{2150E333-8FDC-42A3-9474-1A3956D46DE8}") = "ApiGateway", "ApiGateway", "{69AFD2B2-69F3-45EE-90A6-D1368AC0626B}"
EndProject
Project("{FAE04EC0-301F-11D3-BF4B-00C04F79EFBC}") = "MatForum.ApiGateway", "src\ApiGateway\MatForum.ApiGateway\MatForum.ApiGateway.csproj", "{AE703723-13FA-4A3A-8BEE-2DD654AA946C}"
EndProject
Project("{2150E333-8FDC-42A3-9474-1A3956D46DE8}") = "ForumQuestion", "ForumQuestion", "{A384D22B-BE88-4049-BE57-AE3294B28A9B}"
EndProject
Project("{FAE04EC0-301F-11D3-BF4B-00C04F79EFBC}") = "MatForum.ForumQuestion.API", "src\Services\ForumQuestion\MatForum.ForumQuestion.API\MatForum.ForumQuestion.API.csproj", "{13252E7A-FABC-4A9C-9358-843B857C1D0C}"
EndProject
Project("{FAE04EC0-301F-11D3-BF4B-00C04F79EFBC}") = "MatForum.ForumQuestion.Application", "src\Services\ForumQuestion\MatForum.ForumQuestion.Application\MatForum.ForumQuestion.Application.csproj", "{CEE790A1-AF34-4F89-9DF4-E909E1D06042}"
EndProject
Project("{FAE04EC0-301F-11D3-BF4B-00C04F79EFBC}") = "MatForum.ForumQuestion.Domain", "src\Services\ForumQuestion\MatForum.ForumQuestion.Domain\MatForum.ForumQuestion.Domain.csproj", "{E155199F-01A9-4BDD-8DE9-C84276ACCA95}"
EndProject
Project("{FAE04EC0-301F-11D3-BF4B-00C04F79EFBC}") = "MatForum.ForumQuestion.Infrastructure", "src\Services\ForumQuestion\MatForum.ForumQuestion.Infrastructure\MatForum.ForumQuestion.Infrastructure.csproj", "{889443E0-E198-40A1-B215-C1DE0C7493A8}"
EndProject
Global
	GlobalSection(SolutionConfigurationPlatforms) = preSolution
		Debug|Any CPU = Debug|Any CPU
		Release|Any CPU = Release|Any CPU
	EndGlobalSection
	GlobalSection(SolutionProperties) = preSolution
		HideSolutionNode = FALSE
	EndGlobalSection
	GlobalSection(ProjectConfigurationPlatforms) = postSolution
		{124D3242-F1A6-49F5-BA1D-3BA9784DB566}.Debug|Any CPU.ActiveCfg = Debug|Any CPU
		{124D3242-F1A6-49F5-BA1D-3BA9784DB566}.Debug|Any CPU.Build.0 = Debug|Any CPU
		{124D3242-F1A6-49F5-BA1D-3BA9784DB566}.Release|Any CPU.ActiveCfg = Release|Any CPU
		{124D3242-F1A6-49F5-BA1D-3BA9784DB566}.Release|Any CPU.Build.0 = Release|Any CPU
		{52CFCC06-7802-4B81-9291-2C7B844AC105}.Debug|Any CPU.ActiveCfg = Debug|Any CPU
		{52CFCC06-7802-4B81-9291-2C7B844AC105}.Debug|Any CPU.Build.0 = Debug|Any CPU
		{52CFCC06-7802-4B81-9291-2C7B844AC105}.Release|Any CPU.ActiveCfg = Release|Any CPU
		{52CFCC06-7802-4B81-9291-2C7B844AC105}.Release|Any CPU.Build.0 = Release|Any CPU
		{FE1B0C8D-847C-4460-A72E-74284243B9E1}.Debug|Any CPU.ActiveCfg = Debug|Any CPU
		{FE1B0C8D-847C-4460-A72E-74284243B9E1}.Debug|Any CPU.Build.0 = Debug|Any CPU
		{FE1B0C8D-847C-4460-A72E-74284243B9E1}.Release|Any CPU.ActiveCfg = Release|Any CPU
		{FE1B0C8D-847C-4460-A72E-74284243B9E1}.Release|Any CPU.Build.0 = Release|Any CPU
		{655C374E-04A1-4A7C-B05C-5E50F4C09DDD}.Debug|Any CPU.ActiveCfg = Debug|Any CPU
		{655C374E-04A1-4A7C-B05C-5E50F4C09DDD}.Debug|Any CPU.Build.0 = Debug|Any CPU
		{655C374E-04A1-4A7C-B05C-5E50F4C09DDD}.Release|Any CPU.ActiveCfg = Release|Any CPU
		{655C374E-04A1-4A7C-B05C-5E50F4C09DDD}.Release|Any CPU.Build.0 = Release|Any CPU
		{F66364E5-4BC5-4D48-915D-6C424BA11197}.Debug|Any CPU.ActiveCfg = Debug|Any CPU
		{F66364E5-4BC5-4D48-915D-6C424BA11197}.Debug|Any CPU.Build.0 = Debug|Any CPU
		{F66364E5-4BC5-4D48-915D-6C424BA11197}.Release|Any CPU.ActiveCfg = Release|Any CPU
		{F66364E5-4BC5-4D48-915D-6C424BA11197}.Release|Any CPU.Build.0 = Release|Any CPU
		{959BA5CE-B303-4EAC-9211-F04B490263AE}.Debug|Any CPU.ActiveCfg = Debug|Any CPU
		{959BA5CE-B303-4EAC-9211-F04B490263AE}.Debug|Any CPU.Build.0 = Debug|Any CPU
		{959BA5CE-B303-4EAC-9211-F04B490263AE}.Release|Any CPU.ActiveCfg = Release|Any CPU
		{959BA5CE-B303-4EAC-9211-F04B490263AE}.Release|Any CPU.Build.0 = Release|Any CPU
		{C9F1EBB1-94FA-4FF5-8C71-1E9BCBF878C9}.Debug|Any CPU.ActiveCfg = Debug|Any CPU
		{C9F1EBB1-94FA-4FF5-8C71-1E9BCBF878C9}.Debug|Any CPU.Build.0 = Debug|Any CPU
		{C9F1EBB1-94FA-4FF5-8C71-1E9BCBF878C9}.Release|Any CPU.ActiveCfg = Release|Any CPU
		{C9F1EBB1-94FA-4FF5-8C71-1E9BCBF878C9}.Release|Any CPU.Build.0 = Release|Any CPU
		{AE703723-13FA-4A3A-8BEE-2DD654AA946C}.Debug|Any CPU.ActiveCfg = Debug|Any CPU
		{AE703723-13FA-4A3A-8BEE-2DD654AA946C}.Debug|Any CPU.Build.0 = Debug|Any CPU
		{AE703723-13FA-4A3A-8BEE-2DD654AA946C}.Release|Any CPU.ActiveCfg = Release|Any CPU
		{AE703723-13FA-4A3A-8BEE-2DD654AA946C}.Release|Any CPU.Build.0 = Release|Any CPU
		{3A8EB7FC-DA0F-40F7-B75D-47575585CBF6}.Debug|Any CPU.ActiveCfg = Debug|Any CPU
		{3A8EB7FC-DA0F-40F7-B75D-47575585CBF6}.Debug|Any CPU.Build.0 = Debug|Any CPU
		{3A8EB7FC-DA0F-40F7-B75D-47575585CBF6}.Release|Any CPU.ActiveCfg = Release|Any CPU
		{3A8EB7FC-DA0F-40F7-B75D-47575585CBF6}.Release|Any CPU.Build.0 = Release|Any CPU
		{CE6B98ED-3BED-43E7-9E1D-6CCA27C3AA96}.Debug|Any CPU.ActiveCfg = Debug|Any CPU
		{CE6B98ED-3BED-43E7-9E1D-6CCA27C3AA96}.Debug|Any CPU.Build.0 = Debug|Any CPU
		{CE6B98ED-3BED-43E7-9E1D-6CCA27C3AA96}.Release|Any CPU.ActiveCfg = Release|Any CPU
		{CE6B98ED-3BED-43E7-9E1D-6CCA27C3AA96}.Release|Any CPU.Build.0 = Release|Any CPU
		{DEF9AD65-6F31-4F21-B465-F22B05666EE4}.Debug|Any CPU.ActiveCfg = Debug|Any CPU
		{DEF9AD65-6F31-4F21-B465-F22B05666EE4}.Debug|Any CPU.Build.0 = Debug|Any CPU
		{DEF9AD65-6F31-4F21-B465-F22B05666EE4}.Release|Any CPU.ActiveCfg = Release|Any CPU
		{DEF9AD65-6F31-4F21-B465-F22B05666EE4}.Release|Any CPU.Build.0 = Release|Any CPU
		{9099BA92-C0D1-42CF-95E7-4B8E50386E86}.Debug|Any CPU.ActiveCfg = Debug|Any CPU
		{9099BA92-C0D1-42CF-95E7-4B8E50386E86}.Debug|Any CPU.Build.0 = Debug|Any CPU
		{9099BA92-C0D1-42CF-95E7-4B8E50386E86}.Release|Any CPU.ActiveCfg = Release|Any CPU
		{9099BA92-C0D1-42CF-95E7-4B8E50386E86}.Release|Any CPU.Build.0 = Release|Any CPU
		{13252E7A-FABC-4A9C-9358-843B857C1D0C}.Debug|Any CPU.ActiveCfg = Debug|Any CPU
		{13252E7A-FABC-4A9C-9358-843B857C1D0C}.Debug|Any CPU.Build.0 = Debug|Any CPU
		{13252E7A-FABC-4A9C-9358-843B857C1D0C}.Release|Any CPU.ActiveCfg = Release|Any CPU
		{13252E7A-FABC-4A9C-9358-843B857C1D0C}.Release|Any CPU.Build.0 = Release|Any CPU
		{CEE790A1-AF34-4F89-9DF4-E909E1D06042}.Debug|Any CPU.ActiveCfg = Debug|Any CPU
		{CEE790A1-AF34-4F89-9DF4-E909E1D06042}.Debug|Any CPU.Build.0 = Debug|Any CPU
		{CEE790A1-AF34-4F89-9DF4-E909E1D06042}.Release|Any CPU.ActiveCfg = Release|Any CPU
		{CEE790A1-AF34-4F89-9DF4-E909E1D06042}.Release|Any CPU.Build.0 = Release|Any CPU
		{E155199F-01A9-4BDD-8DE9-C84276ACCA95}.Debug|Any CPU.ActiveCfg = Debug|Any CPU
		{E155199F-01A9-4BDD-8DE9-C84276ACCA95}.Debug|Any CPU.Build.0 = Debug|Any CPU
		{E155199F-01A9-4BDD-8DE9-C84276ACCA95}.Release|Any CPU.ActiveCfg = Release|Any CPU
		{E155199F-01A9-4BDD-8DE9-C84276ACCA95}.Release|Any CPU.Build.0 = Release|Any CPU
		{889443E0-E198-40A1-B215-C1DE0C7493A8}.Debug|Any CPU.ActiveCfg = Debug|Any CPU
		{889443E0-E198-40A1-B215-C1DE0C7493A8}.Debug|Any CPU.Build.0 = Debug|Any CPU
		{889443E0-E198-40A1-B215-C1DE0C7493A8}.Release|Any CPU.ActiveCfg = Release|Any CPU
		{889443E0-E198-40A1-B215-C1DE0C7493A8}.Release|Any CPU.Build.0 = Release|Any CPU
	EndGlobalSection
	GlobalSection(NestedProjects) = preSolution
		{4998E920-8651-4461-967B-E8CFD31A15C9} = {769C79E7-4209-442F-B55C-5F632535FC82}
		{124D3242-F1A6-49F5-BA1D-3BA9784DB566} = {4998E920-8651-4461-967B-E8CFD31A15C9}
		{52CFCC06-7802-4B81-9291-2C7B844AC105} = {4998E920-8651-4461-967B-E8CFD31A15C9}
		{FE1B0C8D-847C-4460-A72E-74284243B9E1} = {4998E920-8651-4461-967B-E8CFD31A15C9}
		{1B299E18-29C8-4200-934C-C5EC998180CF} = {769C79E7-4209-442F-B55C-5F632535FC82}
		{8785AFE8-528F-4B40-B50D-99B2130A8789} = {1B299E18-29C8-4200-934C-C5EC998180CF}
		{655C374E-04A1-4A7C-B05C-5E50F4C09DDD} = {8785AFE8-528F-4B40-B50D-99B2130A8789}
		{F66364E5-4BC5-4D48-915D-6C424BA11197} = {8785AFE8-528F-4B40-B50D-99B2130A8789}
		{959BA5CE-B303-4EAC-9211-F04B490263AE} = {8785AFE8-528F-4B40-B50D-99B2130A8789}
		{C9F1EBB1-94FA-4FF5-8C71-1E9BCBF878C9} = {8785AFE8-528F-4B40-B50D-99B2130A8789}
		{69AFD2B2-69F3-45EE-90A6-D1368AC0626B} = {769C79E7-4209-442F-B55C-5F632535FC82}
		{AE703723-13FA-4A3A-8BEE-2DD654AA946C} = {69AFD2B2-69F3-45EE-90A6-D1368AC0626B}
		{A384D22B-BE88-4049-BE57-AE3294B28A9B} = {1B299E18-29C8-4200-934C-C5EC998180CF}
		{3A8EB7FC-DA0F-40F7-B75D-47575585CBF6} = {A384D22B-BE88-4049-BE57-AE3294B28A9B}
		{CE6B98ED-3BED-43E7-9E1D-6CCA27C3AA96} = {A384D22B-BE88-4049-BE57-AE3294B28A9B}
		{DEF9AD65-6F31-4F21-B465-F22B05666EE4} = {A384D22B-BE88-4049-BE57-AE3294B28A9B}
		{9099BA92-C0D1-42CF-95E7-4B8E50386E86} = {A384D22B-BE88-4049-BE57-AE3294B28A9B}
		{13252E7A-FABC-4A9C-9358-843B857C1D0C} = {A384D22B-BE88-4049-BE57-AE3294B28A9B}
		{CEE790A1-AF34-4F89-9DF4-E909E1D06042} = {A384D22B-BE88-4049-BE57-AE3294B28A9B}
		{E155199F-01A9-4BDD-8DE9-C84276ACCA95} = {A384D22B-BE88-4049-BE57-AE3294B28A9B}
		{889443E0-E198-40A1-B215-C1DE0C7493A8} = {A384D22B-BE88-4049-BE57-AE3294B28A9B}
	EndGlobalSection
EndGlobal
